
Microsoft Visual Studio Solution File, Format Version 12.00
# Visual Studio Version 17
VisualStudioVersion = 17.0.31903.59
MinimumVisualStudioVersion = 10.0.40219.1
Project("{FAE04EC0-301F-11D3-BF4B-00C04F79EFBC}") = "quoteclient", "quoteclient\quoteclient.csproj", "{7F9D528A-49CB-457D-A16C-A6771319916E}"
EndProject
Project("{FAE04EC0-301F-11D3-BF4B-00C04F79EFBC}") = "quoteserver", "quoteserver\quoteserver.csproj", "{24659F9D-8FA5-47D2-BE84-4221E9E4FA9A}"
EndProject
Global
	GlobalSection(SolutionConfigurationPlatforms) = preSolution
		Debug|Any CPU = Debug|Any CPU
		Release|Any CPU = Release|Any CPU
	EndGlobalSection
	GlobalSection(SolutionProperties) = preSolution
		HideSolutionNode = FALSE
	EndGlobalSection
	GlobalSection(ProjectConfigurationPlatforms) = postSolution
		{7F9D528A-49CB-457D-A16C-A6771319916E}.Debug|Any CPU.ActiveCfg = Debug|Any CPU
		{7F9D528A-49CB-457D-A16C-A6771319916E}.Debug|Any CPU.Build.0 = Debug|Any CPU
		{7F9D528A-49CB-457D-A16C-A6771319916E}.Release|Any CPU.ActiveCfg = Release|Any CPU
		{7F9D528A-49CB-457D-A16C-A6771319916E}.Release|Any CPU.Build.0 = Release|Any CPU
		{24659F9D-8FA5-47D2-BE84-4221E9E4FA9A}.Debug|Any CPU.ActiveCfg = Debug|Any CPU
		{24659F9D-8FA5-47D2-BE84-4221E9E4FA9A}.Debug|Any CPU.Build.0 = Debug|Any CPU
		{24659F9D-8FA5-47D2-BE84-4221E9E4FA9A}.Release|Any CPU.ActiveCfg = Release|Any CPU
		{24659F9D-8FA5-47D2-BE84-4221E9E4FA9A}.Release|Any CPU.Build.0 = Release|Any CPU
	EndGlobalSection
EndGlobal
