
Microsoft Visual Studio Solution File, Format Version 12.00
# Visual Studio Version 17
VisualStudioVersion = 17.11.35222.181
MinimumVisualStudioVersion = 10.0.40219.1
Project("{9A19103F-16F7-4668-BE54-9A1E7A4F7556}") = "server", "server\server.csproj", "{BEF4E568-F49E-4DC6-90EF-022E535FBCB7}"
EndProject
Project("{9A19103F-16F7-4668-BE54-9A1E7A4F7556}") = "client", "client\client.csproj", "{FFEE886E-B71D-41B4-AAC1-E159375F2476}"
EndProject
Project("{FAE04EC0-301F-11D3-BF4B-00C04F79EFBC}") = "library", "library\library.csproj", "{1E7B9843-5D37-48B4-89E3-9D82CF80FB85}"
EndProject
Global
	GlobalSection(SolutionConfigurationPlatforms) = preSolution
		Debug|Any CPU = Debug|Any CPU
		Release|Any CPU = Release|Any CPU
	EndGlobalSection
	GlobalSection(ProjectConfigurationPlatforms) = postSolution
		{BEF4E568-F49E-4DC6-90EF-022E535FBCB7}.Debug|Any CPU.ActiveCfg = Debug|Any CPU
		{BEF4E568-F49E-4DC6-90EF-022E535FBCB7}.Debug|Any CPU.Build.0 = Debug|Any CPU
		{BEF4E568-F49E-4DC6-90EF-022E535FBCB7}.Release|Any CPU.ActiveCfg = Release|Any CPU
		{BEF4E568-F49E-4DC6-90EF-022E535FBCB7}.Release|Any CPU.Build.0 = Release|Any CPU
		{FFEE886E-B71D-41B4-AAC1-E159375F2476}.Debug|Any CPU.ActiveCfg = Debug|Any CPU
		{FFEE886E-B71D-41B4-AAC1-E159375F2476}.Debug|Any CPU.Build.0 = Debug|Any CPU
		{FFEE886E-B71D-41B4-AAC1-E159375F2476}.Release|Any CPU.ActiveCfg = Release|Any CPU
		{FFEE886E-B71D-41B4-AAC1-E159375F2476}.Release|Any CPU.Build.0 = Release|Any CPU
		{1E7B9843-5D37-48B4-89E3-9D82CF80FB85}.Debug|Any CPU.ActiveCfg = Debug|Any CPU
		{1E7B9843-5D37-48B4-89E3-9D82CF80FB85}.Debug|Any CPU.Build.0 = Debug|Any CPU
		{1E7B9843-5D37-48B4-89E3-9D82CF80FB85}.Release|Any CPU.ActiveCfg = Release|Any CPU
		{1E7B9843-5D37-48B4-89E3-9D82CF80FB85}.Release|Any CPU.Build.0 = Release|Any CPU
	EndGlobalSection
	GlobalSection(SolutionProperties) = preSolution
		HideSolutionNode = FALSE
	EndGlobalSection
	GlobalSection(ExtensibilityGlobals) = postSolution
		SolutionGuid = {7BD8C623-7654-4092-8D53-FEAC06CDD3C6}
	EndGlobalSection
EndGlobal
