
Microsoft Visual Studio Solution File, Format Version 12.00
# Visual Studio Version 17
VisualStudioVersion = 17.0.31903.59
MinimumVisualStudioVersion = 10.0.40219.1
Project("{FAE04EC0-301F-11D3-BF4B-00C04F79EFBC}") = "client", "timeclient\client.csproj", "{BD429A96-E853-4FB8-B6F8-AB1ADCB911D2}"
EndProject
Project("{FAE04EC0-301F-11D3-BF4B-00C04F79EFBC}") = "server", "timeserver\server.csproj", "{CD271AFB-5763-419A-99DD-6ACAF7B2B0B5}"
EndProject
Project("{FAE04EC0-301F-11D3-BF4B-00C04F79EFBC}") = "chatclient", "chatclient\chatclient.csproj", "{E4B76A66-DC80-4568-A461-DF14588531C6}"
EndProject
Project("{FAE04EC0-301F-11D3-BF4B-00C04F79EFBC}") = "chatserver", "chatserver\chatserver.csproj", "{29F9A2B0-3C78-4A99-A64A-F1D7067FD752}"
EndProject
Global
	GlobalSection(SolutionProperties) = preSolution
		HideSolutionNode = FALSE
	EndGlobalSection
	GlobalSection(SolutionConfigurationPlatforms) = preSolution
		Debug|Any CPU = Debug|Any CPU
		Debug|x64 = Debug|x64
		Debug|x86 = Debug|x86
		Release|Any CPU = Release|Any CPU
		Release|x64 = Release|x64
		Release|x86 = Release|x86
	EndGlobalSection
	GlobalSection(ProjectConfigurationPlatforms) = postSolution
		{BD429A96-E853-4FB8-B6F8-AB1ADCB911D2}.Debug|Any CPU.ActiveCfg = Debug|Any CPU
		{BD429A96-E853-4FB8-B6F8-AB1ADCB911D2}.Debug|Any CPU.Build.0 = Debug|Any CPU
		{BD429A96-E853-4FB8-B6F8-AB1ADCB911D2}.Debug|x64.ActiveCfg = Debug|Any CPU
		{BD429A96-E853-4FB8-B6F8-AB1ADCB911D2}.Debug|x64.Build.0 = Debug|Any CPU
		{BD429A96-E853-4FB8-B6F8-AB1ADCB911D2}.Debug|x86.ActiveCfg = Debug|Any CPU
		{BD429A96-E853-4FB8-B6F8-AB1ADCB911D2}.Debug|x86.Build.0 = Debug|Any CPU
		{BD429A96-E853-4FB8-B6F8-AB1ADCB911D2}.Release|Any CPU.ActiveCfg = Release|Any CPU
		{BD429A96-E853-4FB8-B6F8-AB1ADCB911D2}.Release|Any CPU.Build.0 = Release|Any CPU
		{BD429A96-E853-4FB8-B6F8-AB1ADCB911D2}.Release|x64.ActiveCfg = Release|Any CPU
		{BD429A96-E853-4FB8-B6F8-AB1ADCB911D2}.Release|x64.Build.0 = Release|Any CPU
		{BD429A96-E853-4FB8-B6F8-AB1ADCB911D2}.Release|x86.ActiveCfg = Release|Any CPU
		{BD429A96-E853-4FB8-B6F8-AB1ADCB911D2}.Release|x86.Build.0 = Release|Any CPU
		{CD271AFB-5763-419A-99DD-6ACAF7B2B0B5}.Debug|Any CPU.ActiveCfg = Debug|Any CPU
		{CD271AFB-5763-419A-99DD-6ACAF7B2B0B5}.Debug|Any CPU.Build.0 = Debug|Any CPU
		{CD271AFB-5763-419A-99DD-6ACAF7B2B0B5}.Debug|x64.ActiveCfg = Debug|Any CPU
		{CD271AFB-5763-419A-99DD-6ACAF7B2B0B5}.Debug|x64.Build.0 = Debug|Any CPU
		{CD271AFB-5763-419A-99DD-6ACAF7B2B0B5}.Debug|x86.ActiveCfg = Debug|Any CPU
		{CD271AFB-5763-419A-99DD-6ACAF7B2B0B5}.Debug|x86.Build.0 = Debug|Any CPU
		{CD271AFB-5763-419A-99DD-6ACAF7B2B0B5}.Release|Any CPU.ActiveCfg = Release|Any CPU
		{CD271AFB-5763-419A-99DD-6ACAF7B2B0B5}.Release|Any CPU.Build.0 = Release|Any CPU
		{CD271AFB-5763-419A-99DD-6ACAF7B2B0B5}.Release|x64.ActiveCfg = Release|Any CPU
		{CD271AFB-5763-419A-99DD-6ACAF7B2B0B5}.Release|x64.Build.0 = Release|Any CPU
		{CD271AFB-5763-419A-99DD-6ACAF7B2B0B5}.Release|x86.ActiveCfg = Release|Any CPU
		{CD271AFB-5763-419A-99DD-6ACAF7B2B0B5}.Release|x86.Build.0 = Release|Any CPU
		{E4B76A66-DC80-4568-A461-DF14588531C6}.Debug|Any CPU.ActiveCfg = Debug|Any CPU
		{E4B76A66-DC80-4568-A461-DF14588531C6}.Debug|Any CPU.Build.0 = Debug|Any CPU
		{E4B76A66-DC80-4568-A461-DF14588531C6}.Debug|x64.ActiveCfg = Debug|Any CPU
		{E4B76A66-DC80-4568-A461-DF14588531C6}.Debug|x64.Build.0 = Debug|Any CPU
		{E4B76A66-DC80-4568-A461-DF14588531C6}.Debug|x86.ActiveCfg = Debug|Any CPU
		{E4B76A66-DC80-4568-A461-DF14588531C6}.Debug|x86.Build.0 = Debug|Any CPU
		{E4B76A66-DC80-4568-A461-DF14588531C6}.Release|Any CPU.ActiveCfg = Release|Any CPU
		{E4B76A66-DC80-4568-A461-DF14588531C6}.Release|Any CPU.Build.0 = Release|Any CPU
		{E4B76A66-DC80-4568-A461-DF14588531C6}.Release|x64.ActiveCfg = Release|Any CPU
		{E4B76A66-DC80-4568-A461-DF14588531C6}.Release|x64.Build.0 = Release|Any CPU
		{E4B76A66-DC80-4568-A461-DF14588531C6}.Release|x86.ActiveCfg = Release|Any CPU
		{E4B76A66-DC80-4568-A461-DF14588531C6}.Release|x86.Build.0 = Release|Any CPU
		{29F9A2B0-3C78-4A99-A64A-F1D7067FD752}.Debug|Any CPU.ActiveCfg = Debug|Any CPU
		{29F9A2B0-3C78-4A99-A64A-F1D7067FD752}.Debug|Any CPU.Build.0 = Debug|Any CPU
		{29F9A2B0-3C78-4A99-A64A-F1D7067FD752}.Debug|x64.ActiveCfg = Debug|Any CPU
		{29F9A2B0-3C78-4A99-A64A-F1D7067FD752}.Debug|x64.Build.0 = Debug|Any CPU
		{29F9A2B0-3C78-4A99-A64A-F1D7067FD752}.Debug|x86.ActiveCfg = Debug|Any CPU
		{29F9A2B0-3C78-4A99-A64A-F1D7067FD752}.Debug|x86.Build.0 = Debug|Any CPU
		{29F9A2B0-3C78-4A99-A64A-F1D7067FD752}.Release|Any CPU.ActiveCfg = Release|Any CPU
		{29F9A2B0-3C78-4A99-A64A-F1D7067FD752}.Release|Any CPU.Build.0 = Release|Any CPU
		{29F9A2B0-3C78-4A99-A64A-F1D7067FD752}.Release|x64.ActiveCfg = Release|Any CPU
		{29F9A2B0-3C78-4A99-A64A-F1D7067FD752}.Release|x64.Build.0 = Release|Any CPU
		{29F9A2B0-3C78-4A99-A64A-F1D7067FD752}.Release|x86.ActiveCfg = Release|Any CPU
		{29F9A2B0-3C78-4A99-A64A-F1D7067FD752}.Release|x86.Build.0 = Release|Any CPU
	EndGlobalSection
EndGlobal
